
Microsoft Visual Studio Solution File, Format Version 12.00
# Visual Studio Version 17
VisualStudioVersion = 17.0.31903.59
MinimumVisualStudioVersion = 10.0.40219.1
Project("{2150E333-8FDC-42A3-9474-1A3956D46DE8}") = "src", "src", "{827E0CD3-B72D-47B6-A68D-7590B98EB39B}"
EndProject
Project("{2150E333-8FDC-42A3-9474-1A3956D46DE8}") = "Analytics", "Analytics", "{E977BE3B-8388-8DF4-CE75-4B9DD4E5640D}"
EndProject
Project("{FAE04EC0-301F-11D3-BF4B-00C04F79EFBC}") = "Analytics", "src\Analytics\Analytics\Analytics.csproj", "{AEF5472A-F809-4845-8AC6-38F8A0250A4D}"
EndProject
Project("{2150E333-8FDC-42A3-9474-1A3956D46DE8}") = "Booking", "Booking", "{0D93AE7C-F497-2789-51B0-0BCB8A028FCE}"
EndProject
Project("{FAE04EC0-301F-11D3-BF4B-00C04F79EFBC}") = "Booking", "src\Booking\Booking\Booking.csproj", "{6BE5448D-0858-491C-B553-22CE83871451}"
EndProject
Project("{FAE04EC0-301F-11D3-BF4B-00C04F79EFBC}") = "Booking.Api", "src\Booking\Booking.Api\Booking.Api.csproj", "{AE87A91B-49A1-45B4-8CB6-A488F948C8DA}"
EndProject
Project("{2150E333-8FDC-42A3-9474-1A3956D46DE8}") = "Inventory", "Inventory", "{6646DC9B-45F7-597F-FD98-DC7F277572B1}"
EndProject
Project("{FAE04EC0-301F-11D3-BF4B-00C04F79EFBC}") = "Inventory.Api", "src\Inventory\Inventory.Api\Inventory.Api.csproj", "{B7109804-6ED6-43EA-AA67-D5E6A9750916}"
EndProject
Project("{FAE04EC0-301F-11D3-BF4B-00C04F79EFBC}") = "Inventory", "src\Inventory\Inventory\Inventory.csproj", "{BB901A0A-3292-4D6E-8051-48CAD05BFD81}"
EndProject
Project("{FAE04EC0-301F-11D3-BF4B-00C04F79EFBC}") = "Inventory.Events", "src\Inventory\Inventory.Events\Inventory.Events.csproj", "{AFF6716D-70BA-4E48-A796-9AFC62641E9F}"
EndProject
Project("{2150E333-8FDC-42A3-9474-1A3956D46DE8}") = "Maintenance", "Maintenance", "{6FF35D0A-46C8-5794-1AF8-A4C034B22F8A}"
EndProject
Project("{FAE04EC0-301F-11D3-BF4B-00C04F79EFBC}") = "Maintenance", "src\Maintenance\Maintenance\Maintenance.csproj", "{7F4EDCAD-889A-4B5A-9E56-8747E70EEDA5}"
EndProject
Project("{FAE04EC0-301F-11D3-BF4B-00C04F79EFBC}") = "Maintenance.Api", "src\Maintenance\Maintenance.Api\Maintenance.Api.csproj", "{BC4172A9-795A-4300-9E8E-9D3DE6E9F01E}"
EndProject
Project("{FAE04EC0-301F-11D3-BF4B-00C04F79EFBC}") = "Maintenance.Events", "src\Maintenance\Maintenance.Events\Maintenance.Events.csproj", "{BAB86961-2636-49A3-8A2F-149EB855E4F2}"
EndProject
Global
	GlobalSection(SolutionConfigurationPlatforms) = preSolution
		Debug|Any CPU = Debug|Any CPU
		Debug|x64 = Debug|x64
		Debug|x86 = Debug|x86
		Release|Any CPU = Release|Any CPU
		Release|x64 = Release|x64
		Release|x86 = Release|x86
	EndGlobalSection
	GlobalSection(ProjectConfigurationPlatforms) = postSolution
		{AEF5472A-F809-4845-8AC6-38F8A0250A4D}.Debug|Any CPU.ActiveCfg = Debug|Any CPU
		{AEF5472A-F809-4845-8AC6-38F8A0250A4D}.Debug|Any CPU.Build.0 = Debug|Any CPU
		{AEF5472A-F809-4845-8AC6-38F8A0250A4D}.Debug|x64.ActiveCfg = Debug|Any CPU
		{AEF5472A-F809-4845-8AC6-38F8A0250A4D}.Debug|x64.Build.0 = Debug|Any CPU
		{AEF5472A-F809-4845-8AC6-38F8A0250A4D}.Debug|x86.ActiveCfg = Debug|Any CPU
		{AEF5472A-F809-4845-8AC6-38F8A0250A4D}.Debug|x86.Build.0 = Debug|Any CPU
		{AEF5472A-F809-4845-8AC6-38F8A0250A4D}.Release|Any CPU.ActiveCfg = Release|Any CPU
		{AEF5472A-F809-4845-8AC6-38F8A0250A4D}.Release|Any CPU.Build.0 = Release|Any CPU
		{AEF5472A-F809-4845-8AC6-38F8A0250A4D}.Release|x64.ActiveCfg = Release|Any CPU
		{AEF5472A-F809-4845-8AC6-38F8A0250A4D}.Release|x64.Build.0 = Release|Any CPU
		{AEF5472A-F809-4845-8AC6-38F8A0250A4D}.Release|x86.ActiveCfg = Release|Any CPU
		{AEF5472A-F809-4845-8AC6-38F8A0250A4D}.Release|x86.Build.0 = Release|Any CPU
		{6BE5448D-0858-491C-B553-22CE83871451}.Debug|Any CPU.ActiveCfg = Debug|Any CPU
		{6BE5448D-0858-491C-B553-22CE83871451}.Debug|Any CPU.Build.0 = Debug|Any CPU
		{6BE5448D-0858-491C-B553-22CE83871451}.Debug|x64.ActiveCfg = Debug|Any CPU
		{6BE5448D-0858-491C-B553-22CE83871451}.Debug|x64.Build.0 = Debug|Any CPU
		{6BE5448D-0858-491C-B553-22CE83871451}.Debug|x86.ActiveCfg = Debug|Any CPU
		{6BE5448D-0858-491C-B553-22CE83871451}.Debug|x86.Build.0 = Debug|Any CPU
		{6BE5448D-0858-491C-B553-22CE83871451}.Release|Any CPU.ActiveCfg = Release|Any CPU
		{6BE5448D-0858-491C-B553-22CE83871451}.Release|Any CPU.Build.0 = Release|Any CPU
		{6BE5448D-0858-491C-B553-22CE83871451}.Release|x64.ActiveCfg = Release|Any CPU
		{6BE5448D-0858-491C-B553-22CE83871451}.Release|x64.Build.0 = Release|Any CPU
		{6BE5448D-0858-491C-B553-22CE83871451}.Release|x86.ActiveCfg = Release|Any CPU
		{6BE5448D-0858-491C-B553-22CE83871451}.Release|x86.Build.0 = Release|Any CPU
		{AE87A91B-49A1-45B4-8CB6-A488F948C8DA}.Debug|Any CPU.ActiveCfg = Debug|Any CPU
		{AE87A91B-49A1-45B4-8CB6-A488F948C8DA}.Debug|Any CPU.Build.0 = Debug|Any CPU
		{AE87A91B-49A1-45B4-8CB6-A488F948C8DA}.Debug|x64.ActiveCfg = Debug|Any CPU
		{AE87A91B-49A1-45B4-8CB6-A488F948C8DA}.Debug|x64.Build.0 = Debug|Any CPU
		{AE87A91B-49A1-45B4-8CB6-A488F948C8DA}.Debug|x86.ActiveCfg = Debug|Any CPU
		{AE87A91B-49A1-45B4-8CB6-A488F948C8DA}.Debug|x86.Build.0 = Debug|Any CPU
		{AE87A91B-49A1-45B4-8CB6-A488F948C8DA}.Release|Any CPU.ActiveCfg = Release|Any CPU
		{AE87A91B-49A1-45B4-8CB6-A488F948C8DA}.Release|Any CPU.Build.0 = Release|Any CPU
		{AE87A91B-49A1-45B4-8CB6-A488F948C8DA}.Release|x64.ActiveCfg = Release|Any CPU
		{AE87A91B-49A1-45B4-8CB6-A488F948C8DA}.Release|x64.Build.0 = Release|Any CPU
		{AE87A91B-49A1-45B4-8CB6-A488F948C8DA}.Release|x86.ActiveCfg = Release|Any CPU
		{AE87A91B-49A1-45B4-8CB6-A488F948C8DA}.Release|x86.Build.0 = Release|Any CPU
		{B7109804-6ED6-43EA-AA67-D5E6A9750916}.Debug|Any CPU.ActiveCfg = Debug|Any CPU
		{B7109804-6ED6-43EA-AA67-D5E6A9750916}.Debug|Any CPU.Build.0 = Debug|Any CPU
		{B7109804-6ED6-43EA-AA67-D5E6A9750916}.Debug|x64.ActiveCfg = Debug|Any CPU
		{B7109804-6ED6-43EA-AA67-D5E6A9750916}.Debug|x64.Build.0 = Debug|Any CPU
		{B7109804-6ED6-43EA-AA67-D5E6A9750916}.Debug|x86.ActiveCfg = Debug|Any CPU
		{B7109804-6ED6-43EA-AA67-D5E6A9750916}.Debug|x86.Build.0 = Debug|Any CPU
		{B7109804-6ED6-43EA-AA67-D5E6A9750916}.Release|Any CPU.ActiveCfg = Release|Any CPU
		{B7109804-6ED6-43EA-AA67-D5E6A9750916}.Release|Any CPU.Build.0 = Release|Any CPU
		{B7109804-6ED6-43EA-AA67-D5E6A9750916}.Release|x64.ActiveCfg = Release|Any CPU
		{B7109804-6ED6-43EA-AA67-D5E6A9750916}.Release|x64.Build.0 = Release|Any CPU
		{B7109804-6ED6-43EA-AA67-D5E6A9750916}.Release|x86.ActiveCfg = Release|Any CPU
		{B7109804-6ED6-43EA-AA67-D5E6A9750916}.Release|x86.Build.0 = Release|Any CPU
		{BB901A0A-3292-4D6E-8051-48CAD05BFD81}.Debug|Any CPU.ActiveCfg = Debug|Any CPU
		{BB901A0A-3292-4D6E-8051-48CAD05BFD81}.Debug|Any CPU.Build.0 = Debug|Any CPU
		{BB901A0A-3292-4D6E-8051-48CAD05BFD81}.Debug|x64.ActiveCfg = Debug|Any CPU
		{BB901A0A-3292-4D6E-8051-48CAD05BFD81}.Debug|x64.Build.0 = Debug|Any CPU
		{BB901A0A-3292-4D6E-8051-48CAD05BFD81}.Debug|x86.ActiveCfg = Debug|Any CPU
		{BB901A0A-3292-4D6E-8051-48CAD05BFD81}.Debug|x86.Build.0 = Debug|Any CPU
		{BB901A0A-3292-4D6E-8051-48CAD05BFD81}.Release|Any CPU.ActiveCfg = Release|Any CPU
		{BB901A0A-3292-4D6E-8051-48CAD05BFD81}.Release|Any CPU.Build.0 = Release|Any CPU
		{BB901A0A-3292-4D6E-8051-48CAD05BFD81}.Release|x64.ActiveCfg = Release|Any CPU
		{BB901A0A-3292-4D6E-8051-48CAD05BFD81}.Release|x64.Build.0 = Release|Any CPU
		{BB901A0A-3292-4D6E-8051-48CAD05BFD81}.Release|x86.ActiveCfg = Release|Any CPU
		{BB901A0A-3292-4D6E-8051-48CAD05BFD81}.Release|x86.Build.0 = Release|Any CPU
		{AFF6716D-70BA-4E48-A796-9AFC62641E9F}.Debug|Any CPU.ActiveCfg = Debug|Any CPU
		{AFF6716D-70BA-4E48-A796-9AFC62641E9F}.Debug|Any CPU.Build.0 = Debug|Any CPU
		{AFF6716D-70BA-4E48-A796-9AFC62641E9F}.Debug|x64.ActiveCfg = Debug|Any CPU
		{AFF6716D-70BA-4E48-A796-9AFC62641E9F}.Debug|x64.Build.0 = Debug|Any CPU
		{AFF6716D-70BA-4E48-A796-9AFC62641E9F}.Debug|x86.ActiveCfg = Debug|Any CPU
		{AFF6716D-70BA-4E48-A796-9AFC62641E9F}.Debug|x86.Build.0 = Debug|Any CPU
		{AFF6716D-70BA-4E48-A796-9AFC62641E9F}.Release|Any CPU.ActiveCfg = Release|Any CPU
		{AFF6716D-70BA-4E48-A796-9AFC62641E9F}.Release|Any CPU.Build.0 = Release|Any CPU
		{AFF6716D-70BA-4E48-A796-9AFC62641E9F}.Release|x64.ActiveCfg = Release|Any CPU
		{AFF6716D-70BA-4E48-A796-9AFC62641E9F}.Release|x64.Build.0 = Release|Any CPU
		{AFF6716D-70BA-4E48-A796-9AFC62641E9F}.Release|x86.ActiveCfg = Release|Any CPU
		{AFF6716D-70BA-4E48-A796-9AFC62641E9F}.Release|x86.Build.0 = Release|Any CPU
		{7F4EDCAD-889A-4B5A-9E56-8747E70EEDA5}.Debug|Any CPU.ActiveCfg = Debug|Any CPU
		{7F4EDCAD-889A-4B5A-9E56-8747E70EEDA5}.Debug|Any CPU.Build.0 = Debug|Any CPU
		{7F4EDCAD-889A-4B5A-9E56-8747E70EEDA5}.Debug|x64.ActiveCfg = Debug|Any CPU
		{7F4EDCAD-889A-4B5A-9E56-8747E70EEDA5}.Debug|x64.Build.0 = Debug|Any CPU
		{7F4EDCAD-889A-4B5A-9E56-8747E70EEDA5}.Debug|x86.ActiveCfg = Debug|Any CPU
		{7F4EDCAD-889A-4B5A-9E56-8747E70EEDA5}.Debug|x86.Build.0 = Debug|Any CPU
		{7F4EDCAD-889A-4B5A-9E56-8747E70EEDA5}.Release|Any CPU.ActiveCfg = Release|Any CPU
		{7F4EDCAD-889A-4B5A-9E56-8747E70EEDA5}.Release|Any CPU.Build.0 = Release|Any CPU
		{7F4EDCAD-889A-4B5A-9E56-8747E70EEDA5}.Release|x64.ActiveCfg = Release|Any CPU
		{7F4EDCAD-889A-4B5A-9E56-8747E70EEDA5}.Release|x64.Build.0 = Release|Any CPU
		{7F4EDCAD-889A-4B5A-9E56-8747E70EEDA5}.Release|x86.ActiveCfg = Release|Any CPU
		{7F4EDCAD-889A-4B5A-9E56-8747E70EEDA5}.Release|x86.Build.0 = Release|Any CPU
		{BC4172A9-795A-4300-9E8E-9D3DE6E9F01E}.Debug|Any CPU.ActiveCfg = Debug|Any CPU
		{BC4172A9-795A-4300-9E8E-9D3DE6E9F01E}.Debug|Any CPU.Build.0 = Debug|Any CPU
		{BC4172A9-795A-4300-9E8E-9D3DE6E9F01E}.Debug|x64.ActiveCfg = Debug|Any CPU
		{BC4172A9-795A-4300-9E8E-9D3DE6E9F01E}.Debug|x64.Build.0 = Debug|Any CPU
		{BC4172A9-795A-4300-9E8E-9D3DE6E9F01E}.Debug|x86.ActiveCfg = Debug|Any CPU
		{BC4172A9-795A-4300-9E8E-9D3DE6E9F01E}.Debug|x86.Build.0 = Debug|Any CPU
		{BC4172A9-795A-4300-9E8E-9D3DE6E9F01E}.Release|Any CPU.ActiveCfg = Release|Any CPU
		{BC4172A9-795A-4300-9E8E-9D3DE6E9F01E}.Release|Any CPU.Build.0 = Release|Any CPU
		{BC4172A9-795A-4300-9E8E-9D3DE6E9F01E}.Release|x64.ActiveCfg = Release|Any CPU
		{BC4172A9-795A-4300-9E8E-9D3DE6E9F01E}.Release|x64.Build.0 = Release|Any CPU
		{BC4172A9-795A-4300-9E8E-9D3DE6E9F01E}.Release|x86.ActiveCfg = Release|Any CPU
		{BC4172A9-795A-4300-9E8E-9D3DE6E9F01E}.Release|x86.Build.0 = Release|Any CPU
		{BAB86961-2636-49A3-8A2F-149EB855E4F2}.Debug|Any CPU.ActiveCfg = Debug|Any CPU
		{BAB86961-2636-49A3-8A2F-149EB855E4F2}.Debug|Any CPU.Build.0 = Debug|Any CPU
		{BAB86961-2636-49A3-8A2F-149EB855E4F2}.Debug|x64.ActiveCfg = Debug|Any CPU
		{BAB86961-2636-49A3-8A2F-149EB855E4F2}.Debug|x64.Build.0 = Debug|Any CPU
		{BAB86961-2636-49A3-8A2F-149EB855E4F2}.Debug|x86.ActiveCfg = Debug|Any CPU
		{BAB86961-2636-49A3-8A2F-149EB855E4F2}.Debug|x86.Build.0 = Debug|Any CPU
		{BAB86961-2636-49A3-8A2F-149EB855E4F2}.Release|Any CPU.ActiveCfg = Release|Any CPU
		{BAB86961-2636-49A3-8A2F-149EB855E4F2}.Release|Any CPU.Build.0 = Release|Any CPU
		{BAB86961-2636-49A3-8A2F-149EB855E4F2}.Release|x64.ActiveCfg = Release|Any CPU
		{BAB86961-2636-49A3-8A2F-149EB855E4F2}.Release|x64.Build.0 = Release|Any CPU
		{BAB86961-2636-49A3-8A2F-149EB855E4F2}.Release|x86.ActiveCfg = Release|Any CPU
		{BAB86961-2636-49A3-8A2F-149EB855E4F2}.Release|x86.Build.0 = Release|Any CPU
	EndGlobalSection
	GlobalSection(SolutionProperties) = preSolution
		HideSolutionNode = FALSE
	EndGlobalSection
	GlobalSection(NestedProjects) = preSolution
		{E977BE3B-8388-8DF4-CE75-4B9DD4E5640D} = {827E0CD3-B72D-47B6-A68D-7590B98EB39B}
		{AEF5472A-F809-4845-8AC6-38F8A0250A4D} = {E977BE3B-8388-8DF4-CE75-4B9DD4E5640D}
		{0D93AE7C-F497-2789-51B0-0BCB8A028FCE} = {827E0CD3-B72D-47B6-A68D-7590B98EB39B}
		{6BE5448D-0858-491C-B553-22CE83871451} = {0D93AE7C-F497-2789-51B0-0BCB8A028FCE}
		{AE87A91B-49A1-45B4-8CB6-A488F948C8DA} = {0D93AE7C-F497-2789-51B0-0BCB8A028FCE}
		{6646DC9B-45F7-597F-FD98-DC7F277572B1} = {827E0CD3-B72D-47B6-A68D-7590B98EB39B}
		{B7109804-6ED6-43EA-AA67-D5E6A9750916} = {6646DC9B-45F7-597F-FD98-DC7F277572B1}
		{BB901A0A-3292-4D6E-8051-48CAD05BFD81} = {6646DC9B-45F7-597F-FD98-DC7F277572B1}
		{AFF6716D-70BA-4E48-A796-9AFC62641E9F} = {6646DC9B-45F7-597F-FD98-DC7F277572B1}
		{6FF35D0A-46C8-5794-1AF8-A4C034B22F8A} = {827E0CD3-B72D-47B6-A68D-7590B98EB39B}
		{7F4EDCAD-889A-4B5A-9E56-8747E70EEDA5} = {6FF35D0A-46C8-5794-1AF8-A4C034B22F8A}
		{BC4172A9-795A-4300-9E8E-9D3DE6E9F01E} = {6FF35D0A-46C8-5794-1AF8-A4C034B22F8A}
		{BAB86961-2636-49A3-8A2F-149EB855E4F2} = {6FF35D0A-46C8-5794-1AF8-A4C034B22F8A}
	EndGlobalSection
EndGlobal
